
Microsoft Visual Studio Solution File, Format Version 12.00
# Visual Studio Version 17
VisualStudioVersion = 17.3.32825.248
MinimumVisualStudioVersion = 10.0.40219.1
Project("{FAE04EC0-301F-11D3-BF4B-00C04F79EFBC}") = "WebBrowser.UI", "WebBrowser.UI\WebBrowser.UI.csproj", "{05042258-1195-48AF-86FC-6EBE3F558F18}"
EndProject
Project("{FAE04EC0-301F-11D3-BF4B-00C04F79EFBC}") = "WebBrowser.Logic", "WebBrowser.Logic\WebBrowser.Logic.csproj", "{D2D49317-EF49-430B-95F2-008DE6EB7B72}"
EndProject
Project("{FAE04EC0-301F-11D3-BF4B-00C04F79EFBC}") = "WebBrowser.Data", "WebBrowser.Data\WebBrowser.Data.csproj", "{C3EFAD1D-FE72-4BAB-8777-E1B5FB56C975}"
EndProject
Global
	GlobalSection(SolutionConfigurationPlatforms) = preSolution
		Debug|Any CPU = Debug|Any CPU
		Release|Any CPU = Release|Any CPU
	EndGlobalSection
	GlobalSection(ProjectConfigurationPlatforms) = postSolution
		{05042258-1195-48AF-86FC-6EBE3F558F18}.Debug|Any CPU.ActiveCfg = Debug|Any CPU
		{05042258-1195-48AF-86FC-6EBE3F558F18}.Debug|Any CPU.Build.0 = Debug|Any CPU
		{05042258-1195-48AF-86FC-6EBE3F558F18}.Release|Any CPU.ActiveCfg = Release|Any CPU
		{05042258-1195-48AF-86FC-6EBE3F558F18}.Release|Any CPU.Build.0 = Release|Any CPU
		{D2D49317-EF49-430B-95F2-008DE6EB7B72}.Debug|Any CPU.ActiveCfg = Debug|Any CPU
		{D2D49317-EF49-430B-95F2-008DE6EB7B72}.Debug|Any CPU.Build.0 = Debug|Any CPU
		{D2D49317-EF49-430B-95F2-008DE6EB7B72}.Release|Any CPU.ActiveCfg = Release|Any CPU
		{D2D49317-EF49-430B-95F2-008DE6EB7B72}.Release|Any CPU.Build.0 = Release|Any CPU
		{C3EFAD1D-FE72-4BAB-8777-E1B5FB56C975}.Debug|Any CPU.ActiveCfg = Debug|Any CPU
		{C3EFAD1D-FE72-4BAB-8777-E1B5FB56C975}.Debug|Any CPU.Build.0 = Debug|Any CPU
		{C3EFAD1D-FE72-4BAB-8777-E1B5FB56C975}.Release|Any CPU.ActiveCfg = Release|Any CPU
		{C3EFAD1D-FE72-4BAB-8777-E1B5FB56C975}.Release|Any CPU.Build.0 = Release|Any CPU
	EndGlobalSection
	GlobalSection(SolutionProperties) = preSolution
		HideSolutionNode = FALSE
	EndGlobalSection
	GlobalSection(ExtensibilityGlobals) = postSolution
		SolutionGuid = {DA3DDA3D-BDFA-487E-9BC6-EE69DE71D200}
	EndGlobalSection
EndGlobal
